<?xml version="1.0" encoding="utf-8"?>
<Project ToolsVersion="4.0" xmlns="http://schemas.microsoft.com/developer/msbuild/2003">
  <ItemGroup>
    <Filter Include="源文件">
      <UniqueIdentifier>{4FC737F1-C7A5-4376-A066-2A32D752A2FF}</UniqueIdentifier>
      <Extensions>cpp;c;cc;cxx;c++;cppm;ixx;def;odl;idl;hpj;bat;asm;asmx</Extensions>
    </Filter>
    <Filter Include="头文件">
      <UniqueIdentifier>{93995380-89BD-4b04-88EB-625FBE52EBFB}</UniqueIdentifier>
      <Extensions>h;hh;hpp;hxx;h++;hm;inl;inc;ipp;xsd</Extensions>
    </Filter>
    <Filter Include="资源文件">
      <UniqueIdentifier>{67DA6AB6-F800-4c08-8B7A-83BB121AAD01}</UniqueIdentifier>
      <Extensions>rc;ico;cur;bmp;dlg;rc2;rct;bin;rgs;gif;jpg;jpeg;jpe;resx;tiff;tif;png;wav;mfcribbon-ms</Extensions>
    </Filter>
  </ItemGroup>
  <ItemGroup>
    <ClInclude Include="include\header.h">
      <Filter>头文件</Filter>
    </ClInclude>
    <ClInclude Include="include\draw.h">
      <Filter>头文件</Filter>
    </ClInclude>
    <ClInclude Include="include\mouse.h">
      <Filter>头文件</Filter>
    </ClInclude>
    <ClInclude Include="include\hzk.h">
      <Filter>头文件</Filter>
    </ClInclude>
    <ClInclude Include="include\login.h">
      <Filter>头文件</Filter>
    </ClInclude>
    <ClInclude Include="include\database.h">
      <Filter>头文件</Filter>
    </ClInclude>
    <ClInclude Include="include\lgfunc.h">
      <Filter>头文件</Filter>
    </ClInclude>
    <ClInclude Include="include\keyboard.h">
      <Filter>头文件</Filter>
    </ClInclude>
    <ClInclude Include="include\initmenu.h">
      <Filter>头文件</Filter>
    </ClInclude>
    <ClInclude Include="include\register.h">
      <Filter>头文件</Filter>
    </ClInclude>
    <ClInclude Include="include\forget.h">
      <Filter>头文件</Filter>
    </ClInclude>
    <ClInclude Include="include\admin.h">
      <Filter>头文件</Filter>
    </ClInclude>
    <ClInclude Include="include\adminmenu.h">
      <Filter>头文件</Filter>
    </ClInclude>
    <ClInclude Include="include\adminfunc.h">
      <Filter>头文件</Filter>
    </ClInclude>
    <ClInclude Include="include\building.h">
      <Filter>头文件</Filter>
    </ClInclude>
    <ClInclude Include="include\drawuser.h">
      <Filter>头文件</Filter>
    </ClInclude>
    <ClInclude Include="include\input.h">
      <Filter>头文件</Filter>
    </ClInclude>
    <ClInclude Include="include\useroption.h">
      <Filter>头文件</Filter>
    </ClInclude>
  </ItemGroup>
  <ItemGroup>
    <ClCompile Include="lib\mouse.cpp">
      <Filter>源文件</Filter>
    </ClCompile>
    <ClCompile Include="lib\draw.cpp">
      <Filter>源文件</Filter>
    </ClCompile>
    <ClCompile Include="lib\hzk.cpp">
      <Filter>源文件</Filter>
    </ClCompile>
    <ClCompile Include="main.cpp">
      <Filter>源文件</Filter>
    </ClCompile>
    <ClCompile Include="lib\login.cpp">
      <Filter>源文件</Filter>
    </ClCompile>
    <ClCompile Include="lib\database.cpp">
      <Filter>源文件</Filter>
    </ClCompile>
    <ClCompile Include="lib\lgfunc.cpp">
      <Filter>源文件</Filter>
    </ClCompile>
    <ClCompile Include="lib\keyboard.cpp">
      <Filter>源文件</Filter>
    </ClCompile>
    <ClCompile Include="lib\initmenu.cpp">
      <Filter>源文件</Filter>
    </ClCompile>
    <ClCompile Include="lib\register.cpp">
      <Filter>源文件</Filter>
    </ClCompile>
    <ClCompile Include="lib\forget.cpp">
      <Filter>源文件</Filter>
    </ClCompile>
    <ClCompile Include="lib\admin.cpp">
      <Filter>源文件</Filter>
    </ClCompile>
    <ClCompile Include="lib\adminmenu.cpp">
      <Filter>源文件</Filter>
    </ClCompile>
    <ClCompile Include="lib\adminfunc.cpp">
      <Filter>源文件</Filter>
    </ClCompile>
    <ClCompile Include="lib\building.cpp">
      <Filter>源文件</Filter>
    </ClCompile>
    <ClCompile Include="lib\drawuser.cpp">
      <Filter>源文件</Filter>
    </ClCompile>
    <ClCompile Include="lib\input.cpp">
      <Filter>源文件</Filter>
    </ClCompile>
    <ClCompile Include="lib\useroption.cpp">
      <Filter>源文件</Filter>
    </ClCompile>
  </ItemGroup>
</Project>